schema: 3
frozen_at: "2026-09-02T07:59:18Z"
phase0_status: PASS

authority:
  mode: "released_native_runtime"
  runtime_authority: "ssot/runtime-authority.json"
  ssot_version: "4.0-build8-reconciliation"
  documentation_authority: "facts.md + project.md + dev.md + benchmark.md"
  authority_inputs: "ssot/AUTHORITY_INPUTS.sha256"
  runtime_authority_sha256: "2646434592e1867cdaf1c5860cb86ce4fea250ab8aca01c7c122a3cf6caaec47"
  authority_inputs_sha256: "15f19180a970954a942d6f476a2373aef0e68680235b0445497f8c4ace7da511"
  zengate_version: "2.3"
  zengate_score: 95.8
  zengate_result: "PASS"
  source_build_inputs_status: "modern_isolated_case_sensitive_source_sync_paused; source_lock_and_live_parity_pending"
  production_guest: "official Android 16 Google Play ARM64"
  shipping_render_target: "1920x1080@60"

host:
  architecture: "arm64"
  macos_version: "26.6.2"
  macos_build: "25G83"
  xcode_version: "26.6"
  xcode_build: "17F113"
  macos_sdk_path: "/Applications/Xcode-26.6.0.app/Contents/Developer/Platforms/MacOSX.platform/Developer/SDKs/MacOSX26.5.sdk"
  hardware_model: "Mac16,10"

release:
  receipt_scope: "historical_build8_release_acceptance"
  accepted_at: "2026-08-31T21:41:12Z"
  version: "2.3.0"
  build: "8"
  installed_path: "/Applications/TFTMAC.app"
  executable_sha256: "d3bf7c249a3e5f11b81f778b063e1a8cfe2e7fdeec0537ee6bd8447b1c2268d2"
  emulator_host_executable_sha256: "ea028ec1d74cc025638c2a0e5f8c783748803c1b0ba9012962c038251fb3eb63"
  signing_at_release_acceptance: "stable_local_identity_valid"
  signing_identity: "TFTMAC Local Code Signing"
  notarized_for_public_distribution: false
  mac_icon_embedded: true
  official_icon_source_sha256: "d6ba9ceb76c4b1e44e87f059f775a0ed629f9bea29b0dd73245853d7dca3a016"
  official_icon_1024_sha256: "ed5fd83efa6e04599e82ca00f897b09813cdeac007850f6993efd601a730345f"
  embedded_icon_icns_sha256: "010729a19f165b68edeb1fb44e8c31e450f79b3a988c95b8de090373378f6f06"
  removable_volume_permission_relaunch: PASS
  non_error_unlock_overlay: ABSENT
  native_verifier_at_release_acceptance: PASS
  unit_tests_passed: 43
  rapid_combat_ab: "AUTOMATIC_FULL_RUN_VERIFIED_ROOT_ATTRIBUTION_UNKNOWN"
  current_release_launch_acceptance: "LIVE_BUILD8_PID_LAYER_COMPLETE_RECEIPT_PASS"
  build7_launch_capture: "2026-08-31T02-54-28.329Z-14000b50-bf29-44c6-a963-9203d5313494"
  build8_clean_shutdown_capture: "2026-08-31T21-30-37.047Z-f77d727b-a5ad-4418-8af7-2e352cdbdbbb"
  build8_launch_capture: "2026-08-31T21-39-18.396Z-fe34e3a1-fb91-44eb-804f-4ca8519dfc31"
  build8_automatic_graphics_logger: "PASS_PID_LAYER_COMPLETE_RECEIPT_FRAME_LINKS"
  build8_gameplay_benchmark: "VERIFIED_CAPTURE_ROOT_ATTRIBUTION_UNKNOWN"
  host_qos_pre_exec: "USER_INTERACTIVE_SET_RESULT_0"
  qemu_worker_qos_inheritance: "NOT_CLAIMED_WITHOUT_COMBAT_EVIDENCE"
  game_mode_eligible: true
  guest_gameplay_power_gate: true
  historical_latest_capture_experiment: "combat_latency_a"
  current_selected_experiment: "control"
  tft_graphics: "High / 60 FPS / Performance Mode OFF"
  perfetto_trace_processor_version: "58.2"
  perfetto_trace_processor_sha256: "d29864d1ba3b36855527bb1b0ca3aa7f703cdce338b9680bb922c5c151b358fa"
  current_host_audit:
    observed_at: "2026-08-31T23:13:30Z"
    release_identity_hashes_match: true
    zero_identity_findings: true
    trust_evaluation: "NOT_TRUSTED_BY_CURRENT_HOST_POLICY"
    cssm_error: "CSSMERR_TP_NOT_TRUSTED"
    installed_runtime_verifier: "BLOCKED_SIGNING_IDENTITY"
    conclusion: "Historical signing acceptance remains distinct from this timestamped host trust audit."
  latest_host_signing_recheck:
    observed_at: "2026-09-02T07:59:18Z"
    control_deep_strict_codesign: PASS
    dev_deep_strict_codesign: PASS
    signing_identity: "TFTMAC Local Code Signing"
    protected_control_hashes_match: true
    installed_runtime_verifier: PASS

launcher_products:
  control:
    installed_path: "/Applications/TFTMAC.app"
    desktop_path: "/Users/flash/Desktop/TFTMAC.app"
    desktop_wrapper_path: "/Applications/TFTMAC Control Launcher.app"
    direct_rollback_path: "/Applications/TFTMAC.app"
    bundle_id: "com.flashls1.tftmac"
    runtime_mode: "control"
    status: "PROTECTED_PLAYABLE_AUTHORITY"
  dev:
    installed_path: "/Applications/TFTMAC DEV.app"
    desktop_path: "/Users/flash/Desktop/TFTMAC DEV.app"
    bundle_id: "com.flashls1.tftmac.dev"
    runtime_mode: "advanced_diagnostics"
    state_namespace: "advanced_diagnostics"
    runtime_variant: "stock_shadow"
    avd_name: "TFTMAC_Diagnostic_StockShadow_R1"
    status: "THREE_CONSECUTIVE_FIRST_FRAME_PASSES_PROBE_CAMPAIGN_PENDING"
  concurrency_policy: "GLOBAL_RUNTIME_LEASE_NO_CONCURRENT_CONTROL_AND_DEV"

verification_contracts:
  repository_source: "scripts/verify-tftmac.command; no installed app, external runtime, signing identity, credentials, or private capture"
  installed_runtime: "scripts/verify-installed-runtime.command; local-only; latest 2026-09-02 signing recheck PASS"
  github_ci: "repository_source only"

android_command_line_tools:
  archive: "commandlinetools-mac_arm64-15859902_latest.zip"
  sha256: "835b62a26162b229b441d1f6d4680383815a270809eb33522c0d480fa5002c4e"
  archive_verified: true
  installed_revision: "22.0"

android:
  api: 36
  play_image_package: "system-images;android-36;google_apis_playstore;arm64-v8a"
  play_image_revision: 7
  avd_name: "TFT_Ultra_Tablet"
  emulator_console_port: 5582
  adb_serial: "emulator-5582"
  adb_server_port: 5038
  platform_tools_revision: "37.0.1"
  emulator_revision: "37.1.11"
  webview_provider: "com.google.android.webview"
  webview_version: "151.0.7922.199"
  platform_revision: "1"
  build_tools_revision: "37.0.0"

aemu:
  status: "historical_reference_only_not_required_by_live_runtime"
  authority_branch: "emu-master-dev"
  resolved_manifest_sha256: "28865cd8a162178ba462b296f5714b6b7b6916e0cafcddfc0c5e44aa03f8e8d3"
  qemu_commit: "ae9d18d2b6261179fbd57fffec720a04f7bfb053"
  aemu_commit: "3c1ced8a369417db591eb7cd083af5bb2c317975"
  gfxstream_commit: "d047a57228332d995d36600792fa9ccc26cf8ae6"
  integrated_angle_commit: "901e32aa9923b05c3a2af846f8a28fc79c93d0be"
  integrated_moltenvk_commit: "fb26612eb84576adb974fe7f18a49d263072116f"
  guestangle_authority: "PASS"

vulkan_sdk:
  status: "historical_reference_only_not_required_by_live_runtime"
  version: "1.4.357.0"
  sha256: "539433589c83522e6f31b1c7b418a4167e21597a4a361ab119e1dc0760cf3865"
  vulkaninfo_version: "vulkaninfo - Summarize Vulkan information in relation to the current environment.\n\nUSAGE: \n    vulkaninfo --summary\n    vulkaninfo -o <filename> | --output <filename>\n    vulkaninfo -j | -j=<gpu-number> | --json | --json=<gpu-number>\n    vulkaninfo --text\n    vulkaninfo --html\n    vulkaninfo --show-all\n    vulkaninfo --show-formats\n    vulkaninfo --show-tool-props\n    vulkaninfo --show-promoted-structs\n    vulkaninfo --show-video-props\n\nOPTIONS:\n[-h, --help]         Print this help.\n[--summary]          Show a summary of the instance and GPU's on a system.\n[-o <filename>, --output <filename>]\n                     Print output to a new file whose name is specified by filename.\n                     File will be written to the current working directory.\n[--text]             Produce a text version of vulkaninfo output to stdout. This is\n                     the default output.\n[--html]             Produce an html version of vulkaninfo output, saved as\n                     \"vulkaninfo.html\" in the directory in which the command\n                     is run.\n[-j, --json]         Produce a json version of vulkaninfo output conforming to the Vulkan\n                     Profiles schema, saved as \n                     \"VP_VULKANINFO_[DEVICE_NAME]_[DRIVER_VERSION].json\"\n                     of the first gpu in the system.\n[-j=<gpu-number>, --json=<gpu-number>]\n                     For a multi-gpu system, a single gpu can be targeted by\n                     specifying the gpu-number associated with the gpu of \n                     interest. This number can be determined by running\n                     vulkaninfo without any options specified.\n[--show-all]         Show everything (includes all the below options)\n[--show-tool-props]  Show the active VkPhysicalDeviceToolPropertiesEXT that vulkaninfo finds.\n[--show-formats]     Display the format properties of each physical device.\n                     Note: This only affects text output.\n[--show-promoted-structs] Include structs promoted to core in pNext Chains.\n[--show-video-props]\n                     Display the video profile info, video capabilities and\n                     video format properties of each video profile supported\n                     by each physical device.\n                     Note: This only affects text output which by default\n                     only contains the list of supported video profile names."

moltenvk:
  status: "emulator_bundled_runtime_active_reference_source_historical"
  reference_tag: "v1.4.2"
  reference_commit: "db66022459ffb663aa2b50f6b018bc2e124f5edf"
  selected_commit: null
  patch_series_sha256: null

diagnostic_runtime:
  repository: "flashls1/tftmac-runtime"
  commit: "c8aa26ebaa5b977965eb165ad8aac5c98408469f"
  status: "isolated_non_comparable_diagnostic_eligibility_only"
  normal_play_authority: "stock_build8"
  mode_registry_sha256: "b2a8080248900c27efdaac7fe3825ccb919188d43072af7a870bfc49c3e0e96f"
  latest_capture: "2026-09-02T07-46-40.998Z-8260f517-a8a4-4d5e-918f-723b81de32f4"
  adb_acceptance: "PASS_DEVICE_USER_DEFAULT_KEY"
  automatic_capture_start: PASS
  first_native_frame: "FAIL_TIMEOUT_120_SECONDS"
  playable_status: "NOT_ACCEPTED"

modern_causal_source:
  manifest_branch: "emu-main-dev"
  manifest_commit: "2692acc620f6563b21995540656674faeb536cdc"
  source_volume: "/Volumes/TFTMAC Causal Source"
  filesystem: "case-sensitive APFS sparse image"
  sync_jobs: 4
  source_lock_receipt: "NOT_CREATED_SYNC_PAUSED"
  uninstrumented_build: "NOT_RUN"
  source_hooks: "NOT_IMPLEMENTED"

owned_probe_campaign:
  baseline: "stock_shadow"
  sequence: "control,queue_submit_inline,control,virtual_queue_off,control,fence_contexts_off,control"
  keychain_service: "com.flashls1.tftmac.android-unlock.v2"
  keychain_item_status: "NOT_CONFIGURED_AT_HANDOFF"
  state: "NOT_RUN_NO_WINNER"

latest_playability_comparison:
  candidate_capture: "2026-09-02T05-26-14.078Z-0fb7a877-23f7-4933-bc9f-5525ed8c6d3d"
  control_capture: "2026-09-02T05-54-33.919Z-e13fd9b8-1091-4516-bd6e-66f8b50a912d"
  candidate_weighted_fps: 26.446
  control_weighted_fps: 47.384
  candidate_fps_one_percent_low: 2.770
  control_fps_one_percent_low: 7.870
  candidate_p95_frame_interval_ms: 117.088
  control_p95_frame_interval_ms: 34.002
  candidate_severe_stall_percent: 21.037
  control_severe_stall_percent: 1.429
  decision: "REJECT_COMBAT_LATENCY_A_KEEP_CONTROL"
  causal_scope: "WORKLOADS_NOT_FORMALLY_MATCHED_QOS_CAUSALITY_NOT_CLAIMED"

current_gameplay_capture:
  id: "2026-08-31T22-30-26.086Z-8df607d7-a34a-4e2a-b00d-739aa3143200"
  storage: "private_local_only"
  database_byte_count: 63897600
  database_sha256: "c1ef9c9ffe591a297cb86660e3ccfea7e9aeb593f22100e4e732b2fc77d4ee77"
  graphics_run_duration: "42m27s"
  captured_experiment: "combat_latency_a"
  tft_graphics: "High / 60 FPS / Performance Mode OFF"
  automatic_logging: "verified_pid_layer_lifetime"
  exact_layer_coverage_percent: 99.629
  frame_interval_count: 144364
  weighted_fps: 56.98
  fps_one_percent_low: 21.49
  p50_frame_interval_ms: 16.707
  p95_frame_interval_ms: 21.51
  p99_frame_interval_ms: 33.434
  max_frame_interval_ms: 2233.611
  jank_count: 6544
  jank_percent: 4.53
  severe_stall_count: 144
  missed_vsync_equivalent_count: 7644
  degradation_incident_count: 189
  effective_stack_receipt: "Unreal direct Vulkan -> gfxstream/ASG -> host Vulkan -> MoltenVK -> Metal"
  angle_status: "conditional_not_assumed_for_TFT_main_rendering_path"
  mac_presenter: "excluded_from_causal_candidates_context_only"
  markers_and_battles: "optional_annotations_not_validity_or_causal_gates"
  root_attribution: "UNKNOWN_UPSTREAM_OF_OR_AT_GUEST_SURFACE"
  advanced_source_causal_logger: "partial_source_schema_and_cpp_abi_not_live_accepted"

development_verification:
  native_test_inventory: 54
  causal_cpp_abi_test: PASS
  causal_event_bytes: 96
  causal_ring_capacity: 256
  current_internal_root: UNKNOWN

generality:
  status: "historical_reference_only_not_release_acceptance"
  gles_cts_tag: "opengl-es-cts-3.2.14.1"
  gles_cts_commit: "067e8832315e79817ede1c4863804e440f5d1c80"
  vulkan_cts_tag: "vulkan-cts-1.4.6.1"
  vulkan_cts_commit: "5c8aae22885448d70a2873e94a93b24b49505c32"
  vulkan_required_cases_sha256: "5c021e8c6ddf39a73d93fdbbf8f3ad451ae31cfd389a6e948c474ec7bcbc5f7d"
  vulkan_samples_commit: "89dd3af22d41f9244eeab6e0650460112285c0e1"

resource_profiles:
  A:
    vcpu: 6
    ram_mb: 5120
  B:
    vcpu: 8
    ram_mb: 6144
  selected: A

phase0_evidence:
  status: "historical_source_research_only"
  authority_hashes: "ssot/AUTHORITY_INPUTS.sha256"
  policy: "ssot/phase0-policy.json"
  remediation_inventory: "ssot/phase0-remediation-inventory.md"
  preflight_report: "ssot/preflight-report.md"
  vulkan_case_selection_spec: "ssot/vulkan-required-cases.spec.json"
  legacy_runtime_acceptance_authorized: false

performance:
  refresh_hz: 60
  fps_min: 58.0
  p95_ms_max: 20.0
  p99_ms_max: 33.334
  jank_threshold_ms: 33.334
  jank_pct_max: 1.0
  severe_stall_ms: 100.0
  severe_stalls_per_600s_max: 3
  native_input_median_relative_ms_max: 5.0
  native_input_p95_relative_ms_max: 8.334
  native_input_median_absolute_ms_max: 50.0
  native_input_p95_absolute_ms_max: 83.334

critical_null_policy:
  phase0_exit_requires_no_nulls:
    - frozen_at
    - host.architecture
    - host.macos_version
    - host.macos_build
    - host.xcode_version
    - host.xcode_build
    - host.macos_sdk_path
    - host.hardware_model
    - android_command_line_tools.installed_revision
    - android.play_image_revision
    - android.platform_tools_revision
    - android.emulator_revision
    - android.platform_revision
    - android.build_tools_revision
    - aemu.resolved_manifest_sha256
    - aemu.qemu_commit
    - aemu.aemu_commit
    - aemu.gfxstream_commit
    - aemu.integrated_angle_commit
    - aemu.integrated_moltenvk_commit
    - aemu.guestangle_authority
    - vulkan_sdk.vulkaninfo_version
    - moltenvk.reference_commit
    - generality.gles_cts_commit
    - generality.vulkan_required_cases_sha256
